
Microsoft Visual Studio Solution File, Format Version 12.00
# Visual Studio 15
VisualStudioVersion = 15.0.27428.2037
MinimumVisualStudioVersion = 10.0.40219.1
Project("{535C04D7-A2A5-47C7-83E0-B340A995CD1F}") = "Edit", "FinalProject\Edit.cblproj", "{43073068-6110-410D-9A30-598899E6E888}"
EndProject
Project("{535C04D7-A2A5-47C7-83E0-B340A995CD1F}") = "DataFiles", "DataFiles\DataFiles.cblproj", "{B140F973-60E9-467E-A8A8-4795DBBCDDE9}"
EndProject
Project("{535C04D7-A2A5-47C7-83E0-B340A995CD1F}") = "S-L-Processing", "S-L-Processing\S-L-Processing.cblproj", "{6DCE4597-A04E-4E4D-B67C-D139DDEF8773}"
EndProject
Project("{535C04D7-A2A5-47C7-83E0-B340A995CD1F}") = "DataSplitAndCount", "DataSplitAndCount\DataSplitAndCount.cblproj", "{08711DCB-C39C-4B4B-9E08-C4E97561527A}"
EndProject
Project("{535C04D7-A2A5-47C7-83E0-B340A995CD1F}") = "R-Processing", "R-Processing\R-Processing.cblproj", "{164C3B73-CEA6-4A5E-A770-837C466551C9}"
EndProject
Global
	GlobalSection(SolutionConfigurationPlatforms) = preSolution
		Debug|x86 = Debug|x86
		Release|x86 = Release|x86
	EndGlobalSection
	GlobalSection(ProjectConfigurationPlatforms) = postSolution
		{43073068-6110-410D-9A30-598899E6E888}.Debug|x86.ActiveCfg = Debug|x86
		{43073068-6110-410D-9A30-598899E6E888}.Debug|x86.Build.0 = Debug|x86
		{43073068-6110-410D-9A30-598899E6E888}.Release|x86.ActiveCfg = Release|x86
		{43073068-6110-410D-9A30-598899E6E888}.Release|x86.Build.0 = Release|x86
		{B140F973-60E9-467E-A8A8-4795DBBCDDE9}.Debug|x86.ActiveCfg = Debug|x86
		{B140F973-60E9-467E-A8A8-4795DBBCDDE9}.Debug|x86.Build.0 = Debug|x86
		{B140F973-60E9-467E-A8A8-4795DBBCDDE9}.Release|x86.ActiveCfg = Release|x86
		{B140F973-60E9-467E-A8A8-4795DBBCDDE9}.Release|x86.Build.0 = Release|x86
		{6DCE4597-A04E-4E4D-B67C-D139DDEF8773}.Debug|x86.ActiveCfg = Debug|x86
		{6DCE4597-A04E-4E4D-B67C-D139DDEF8773}.Debug|x86.Build.0 = Debug|x86
		{6DCE4597-A04E-4E4D-B67C-D139DDEF8773}.Release|x86.ActiveCfg = Release|x86
		{6DCE4597-A04E-4E4D-B67C-D139DDEF8773}.Release|x86.Build.0 = Release|x86
		{08711DCB-C39C-4B4B-9E08-C4E97561527A}.Debug|x86.ActiveCfg = Debug|x86
		{08711DCB-C39C-4B4B-9E08-C4E97561527A}.Debug|x86.Build.0 = Debug|x86
		{08711DCB-C39C-4B4B-9E08-C4E97561527A}.Release|x86.ActiveCfg = Release|x86
		{08711DCB-C39C-4B4B-9E08-C4E97561527A}.Release|x86.Build.0 = Release|x86
		{164C3B73-CEA6-4A5E-A770-837C466551C9}.Debug|x86.ActiveCfg = Debug|x86
		{164C3B73-CEA6-4A5E-A770-837C466551C9}.Debug|x86.Build.0 = Debug|x86
		{164C3B73-CEA6-4A5E-A770-837C466551C9}.Release|x86.ActiveCfg = Release|x86
		{164C3B73-CEA6-4A5E-A770-837C466551C9}.Release|x86.Build.0 = Release|x86
	EndGlobalSection
	GlobalSection(SolutionProperties) = preSolution
		HideSolutionNode = FALSE
	EndGlobalSection
	GlobalSection(ExtensibilityGlobals) = postSolution
		SolutionGuid = {0B16CC04-6009-4705-904A-EFA6D294528C}
	EndGlobalSection
EndGlobal
